
Microsoft Visual Studio Solution File, Format Version 12.00
# Visual Studio Version 17
VisualStudioVersion = 17.4.33205.214
MinimumVisualStudioVersion = 10.0.40219.1
Project("{9A19103F-16F7-4668-BE54-9A1E7A4F7556}") = "PlusMinus", "PlusMinus\PlusMinus.csproj", "{FCBA599A-4B85-4318-BB60-3DB2D6C62FCA}"
EndProject
Project("{FAE04EC0-301F-11D3-BF4B-00C04F79EFBC}") = "MinMaxSum", "MinMaxSum\MinMaxSum.csproj", "{916BBF19-0CFF-41AC-9D75-E0D4E998D7FB}"
EndProject
Global
	GlobalSection(SolutionConfigurationPlatforms) = preSolution
		Debug|Any CPU = Debug|Any CPU
		Release|Any CPU = Release|Any CPU
	EndGlobalSection
	GlobalSection(ProjectConfigurationPlatforms) = postSolution
		{FCBA599A-4B85-4318-BB60-3DB2D6C62FCA}.Debug|Any CPU.ActiveCfg = Debug|Any CPU
		{FCBA599A-4B85-4318-BB60-3DB2D6C62FCA}.Debug|Any CPU.Build.0 = Debug|Any CPU
		{FCBA599A-4B85-4318-BB60-3DB2D6C62FCA}.Release|Any CPU.ActiveCfg = Release|Any CPU
		{FCBA599A-4B85-4318-BB60-3DB2D6C62FCA}.Release|Any CPU.Build.0 = Release|Any CPU
		{916BBF19-0CFF-41AC-9D75-E0D4E998D7FB}.Debug|Any CPU.ActiveCfg = Debug|Any CPU
		{916BBF19-0CFF-41AC-9D75-E0D4E998D7FB}.Debug|Any CPU.Build.0 = Debug|Any CPU
		{916BBF19-0CFF-41AC-9D75-E0D4E998D7FB}.Release|Any CPU.ActiveCfg = Release|Any CPU
		{916BBF19-0CFF-41AC-9D75-E0D4E998D7FB}.Release|Any CPU.Build.0 = Release|Any CPU
	EndGlobalSection
	GlobalSection(SolutionProperties) = preSolution
		HideSolutionNode = FALSE
	EndGlobalSection
	GlobalSection(ExtensibilityGlobals) = postSolution
		SolutionGuid = {9D00F377-3D13-4D38-BDCE-B499AA1BB103}
	EndGlobalSection
EndGlobal
